
Microsoft Visual Studio Solution File, Format Version 12.00
# Visual Studio 15
VisualStudioVersion = 15.0.27428.2037
MinimumVisualStudioVersion = 10.0.40219.1
Project("{FAE04EC0-301F-11D3-BF4B-00C04F79EFBC}") = "testapp", "testapp\testapp.csproj", "{97684642-D557-4A7D-A8A9-1427B4307282}"
EndProject
Global
	GlobalSection(SolutionConfigurationPlatforms) = preSolution
		Debug|Any CPU = Debug|Any CPU
		Release|Any CPU = Release|Any CPU
	EndGlobalSection
	GlobalSection(ProjectConfigurationPlatforms) = postSolution
		{97684642-D557-4A7D-A8A9-1427B4307282}.Debug|Any CPU.ActiveCfg = Debug|Any CPU
		{97684642-D557-4A7D-A8A9-1427B4307282}.Debug|Any CPU.Build.0 = Debug|Any CPU
		{97684642-D557-4A7D-A8A9-1427B4307282}.Release|Any CPU.ActiveCfg = Release|Any CPU
		{97684642-D557-4A7D-A8A9-1427B4307282}.Release|Any CPU.Build.0 = Release|Any CPU
	EndGlobalSection
	GlobalSection(SolutionProperties) = preSolution
		HideSolutionNode = FALSE
	EndGlobalSection
	GlobalSection(ExtensibilityGlobals) = postSolution
		SolutionGuid = {D5377226-8E91-4669-A58D-15414D5D1B0A}
	EndGlobalSection
EndGlobal
