
Microsoft Visual Studio Solution File, Format Version 12.00
# Visual Studio Version 17
VisualStudioVersion = 17.7.34202.233
MinimumVisualStudioVersion = 10.0.40219.1
Project("{FAE04EC0-301F-11D3-BF4B-00C04F79EFBC}") = "MigrateDocfx", "MigrateDocfx.csproj", "{07544DA4-438C-4C8C-A2A7-098E9FA6CAC4}"
EndProject
Global
	GlobalSection(SolutionConfigurationPlatforms) = preSolution
		Debug|Any CPU = Debug|Any CPU
		Release|Any CPU = Release|Any CPU
	EndGlobalSection
	GlobalSection(ProjectConfigurationPlatforms) = postSolution
		{07544DA4-438C-4C8C-A2A7-098E9FA6CAC4}.Debug|Any CPU.ActiveCfg = Debug|Any CPU
		{07544DA4-438C-4C8C-A2A7-098E9FA6CAC4}.Debug|Any CPU.Build.0 = Debug|Any CPU
		{07544DA4-438C-4C8C-A2A7-098E9FA6CAC4}.Release|Any CPU.ActiveCfg = Release|Any CPU
		{07544DA4-438C-4C8C-A2A7-098E9FA6CAC4}.Release|Any CPU.Build.0 = Release|Any CPU
	EndGlobalSection
	GlobalSection(SolutionProperties) = preSolution
		HideSolutionNode = FALSE
	EndGlobalSection
	GlobalSection(ExtensibilityGlobals) = postSolution
		SolutionGuid = {B9C0FE86-A19B-449E-824B-2E18648CBE97}
	EndGlobalSection
EndGlobal
