### YamlMime:ManagedReference
items:
- uid: Microsoft.Owin.Infrastructure.SystemClock
  commentId: T:Microsoft.Owin.Infrastructure.SystemClock
  id: SystemClock
  parent: Microsoft.Owin.Infrastructure
  children:
  - Microsoft.Owin.Infrastructure.SystemClock.#ctor
  - Microsoft.Owin.Infrastructure.SystemClock.UtcNow
  langs:
  - csharp
  - vb
  name: SystemClock
  nameWithType: SystemClock
  fullName: Microsoft.Owin.Infrastructure.SystemClock
  type: Class
  source:
    path: Microsoft.Owin
    isExternal: true
  assemblies:
  - Microsoft.Owin
  namespace: Microsoft.Owin.Infrastructure
  summary: "\nProvides access to the normal system clock.\n"
  syntax:
    content: 'public class SystemClock : ISystemClock'
    content.vb: >-
      Public Class SystemClock
          Implements ISystemClock
  inheritance:
  - System.Object
  implements:
  - Microsoft.Owin.Infrastructure.ISystemClock
  inheritedMembers:
  - System.Object.ToString
  - System.Object.Equals(System.Object)
  - System.Object.Equals(System.Object,System.Object)
  - System.Object.ReferenceEquals(System.Object,System.Object)
  - System.Object.GetHashCode
  - System.Object.GetType
  - System.Object.MemberwiseClone
  modifiers.csharp:
  - public
  - class
  modifiers.vb:
  - Public
  - Class
- uid: Microsoft.Owin.Infrastructure.SystemClock.#ctor
  commentId: M:Microsoft.Owin.Infrastructure.SystemClock.#ctor
  id: '#ctor'
  parent: Microsoft.Owin.Infrastructure.SystemClock
  langs:
  - csharp
  - vb
  name: SystemClock()
  nameWithType: SystemClock.SystemClock()
  fullName: Microsoft.Owin.Infrastructure.SystemClock.SystemClock()
  type: Constructor
  source:
    path: Microsoft.Owin
    isExternal: true
  assemblies:
  - Microsoft.Owin
  namespace: Microsoft.Owin.Infrastructure
  syntax:
    content: public SystemClock()
    content.vb: Public Sub New
  overload: Microsoft.Owin.Infrastructure.SystemClock.#ctor*
  modifiers.csharp:
  - public
  modifiers.vb:
  - Public
- uid: Microsoft.Owin.Infrastructure.SystemClock.UtcNow
  commentId: P:Microsoft.Owin.Infrastructure.SystemClock.UtcNow
  id: UtcNow
  parent: Microsoft.Owin.Infrastructure.SystemClock
  langs:
  - csharp
  - vb
  name: UtcNow
  nameWithType: SystemClock.UtcNow
  fullName: Microsoft.Owin.Infrastructure.SystemClock.UtcNow
  type: Property
  source:
    path: Microsoft.Owin
    isExternal: true
  assemblies:
  - Microsoft.Owin
  namespace: Microsoft.Owin.Infrastructure
  summary: "\nRetrieves the current system time in UTC.\n"
  syntax:
    content: public DateTimeOffset UtcNow { get; }
    parameters: []
    return:
      type: System.DateTimeOffset
    content.vb: Public ReadOnly Property UtcNow As DateTimeOffset
  overload: Microsoft.Owin.Infrastructure.SystemClock.UtcNow*
  implements:
  - Microsoft.Owin.Infrastructure.ISystemClock.UtcNow
  modifiers.csharp:
  - public
  - get
  modifiers.vb:
  - Public
  - ReadOnly
references:
- uid: Microsoft.Owin.Infrastructure
  commentId: N:Microsoft.Owin.Infrastructure
  isExternal: false
  name: Microsoft.Owin.Infrastructure
  nameWithType: Microsoft.Owin.Infrastructure
  fullName: Microsoft.Owin.Infrastructure
- uid: System.Object
  commentId: T:System.Object
  parent: System
  isExternal: true
  name: Object
  nameWithType: Object
  fullName: System.Object
- uid: Microsoft.Owin.Infrastructure.ISystemClock
  commentId: T:Microsoft.Owin.Infrastructure.ISystemClock
  parent: Microsoft.Owin.Infrastructure
  isExternal: true
  name: ISystemClock
  nameWithType: ISystemClock
  fullName: Microsoft.Owin.Infrastructure.ISystemClock
- uid: System.Object.ToString
  commentId: M:System.Object.ToString
  parent: System.Object
  isExternal: true
  name: ToString()
  nameWithType: Object.ToString()
  fullName: System.Object.ToString()
  spec.csharp:
  - uid: System.Object.ToString
    name: ToString
    nameWithType: Object.ToString
    fullName: System.Object.ToString
    isExternal: true
  - name: (
    nameWithType: (
    fullName: (
  - name: )
    nameWithType: )
    fullName: )
  spec.vb:
  - uid: System.Object.ToString
    name: ToString
    nameWithType: Object.ToString
    fullName: System.Object.ToString
    isExternal: true
  - name: (
    nameWithType: (
    fullName: (
  - name: )
    nameWithType: )
    fullName: )
- uid: System.Object.Equals(System.Object)
  commentId: M:System.Object.Equals(System.Object)
  parent: System.Object
  isExternal: true
  name: Equals(Object)
  nameWithType: Object.Equals(Object)
  fullName: System.Object.Equals(System.Object)
  spec.csharp:
  - uid: System.Object.Equals(System.Object)
    name: Equals
    nameWithType: Object.Equals
    fullName: System.Object.Equals
    isExternal: true
  - name: (
    nameWithType: (
    fullName: (
  - uid: System.Object
    name: Object
    nameWithType: Object
    fullName: System.Object
    isExternal: true
  - name: )
    nameWithType: )
    fullName: )
  spec.vb:
  - uid: System.Object.Equals(System.Object)
    name: Equals
    nameWithType: Object.Equals
    fullName: System.Object.Equals
    isExternal: true
  - name: (
    nameWithType: (
    fullName: (
  - uid: System.Object
    name: Object
    nameWithType: Object
    fullName: System.Object
    isExternal: true
  - name: )
    nameWithType: )
    fullName: )
- uid: System.Object.Equals(System.Object,System.Object)
  commentId: M:System.Object.Equals(System.Object,System.Object)
  parent: System.Object
  isExternal: true
  name: Equals(Object, Object)
  nameWithType: Object.Equals(Object, Object)
  fullName: System.Object.Equals(System.Object, System.Object)
  spec.csharp:
  - uid: System.Object.Equals(System.Object,System.Object)
    name: Equals
    nameWithType: Object.Equals
    fullName: System.Object.Equals
    isExternal: true
  - name: (
    nameWithType: (
    fullName: (
  - uid: System.Object
    name: Object
    nameWithType: Object
    fullName: System.Object
    isExternal: true
  - name: ', '
    nameWithType: ', '
    fullName: ', '
  - uid: System.Object
    name: Object
    nameWithType: Object
    fullName: System.Object
    isExternal: true
  - name: )
    nameWithType: )
    fullName: )
  spec.vb:
  - uid: System.Object.Equals(System.Object,System.Object)
    name: Equals
    nameWithType: Object.Equals
    fullName: System.Object.Equals
    isExternal: true
  - name: (
    nameWithType: (
    fullName: (
  - uid: System.Object
    name: Object
    nameWithType: Object
    fullName: System.Object
    isExternal: true
  - name: ', '
    nameWithType: ', '
    fullName: ', '
  - uid: System.Object
    name: Object
    nameWithType: Object
    fullName: System.Object
    isExternal: true
  - name: )
    nameWithType: )
    fullName: )
- uid: System.Object.ReferenceEquals(System.Object,System.Object)
  commentId: M:System.Object.ReferenceEquals(System.Object,System.Object)
  parent: System.Object
  isExternal: true
  name: ReferenceEquals(Object, Object)
  nameWithType: Object.ReferenceEquals(Object, Object)
  fullName: System.Object.ReferenceEquals(System.Object, System.Object)
  spec.csharp:
  - uid: System.Object.ReferenceEquals(System.Object,System.Object)
    name: ReferenceEquals
    nameWithType: Object.ReferenceEquals
    fullName: System.Object.ReferenceEquals
    isExternal: true
  - name: (
    nameWithType: (
    fullName: (
  - uid: System.Object
    name: Object
    nameWithType: Object
    fullName: System.Object
    isExternal: true
  - name: ', '
    nameWithType: ', '
    fullName: ', '
  - uid: System.Object
    name: Object
    nameWithType: Object
    fullName: System.Object
    isExternal: true
  - name: )
    nameWithType: )
    fullName: )
  spec.vb:
  - uid: System.Object.ReferenceEquals(System.Object,System.Object)
    name: ReferenceEquals
    nameWithType: Object.ReferenceEquals
    fullName: System.Object.ReferenceEquals
    isExternal: true
  - name: (
    nameWithType: (
    fullName: (
  - uid: System.Object
    name: Object
    nameWithType: Object
    fullName: System.Object
    isExternal: true
  - name: ', '
    nameWithType: ', '
    fullName: ', '
  - uid: System.Object
    name: Object
    nameWithType: Object
    fullName: System.Object
    isExternal: true
  - name: )
    nameWithType: )
    fullName: )
- uid: System.Object.GetHashCode
  commentId: M:System.Object.GetHashCode
  parent: System.Object
  isExternal: true
  name: GetHashCode()
  nameWithType: Object.GetHashCode()
  fullName: System.Object.GetHashCode()
  spec.csharp:
  - uid: System.Object.GetHashCode
    name: GetHashCode
    nameWithType: Object.GetHashCode
    fullName: System.Object.GetHashCode
    isExternal: true
  - name: (
    nameWithType: (
    fullName: (
  - name: )
    nameWithType: )
    fullName: )
  spec.vb:
  - uid: System.Object.GetHashCode
    name: GetHashCode
    nameWithType: Object.GetHashCode
    fullName: System.Object.GetHashCode
    isExternal: true
  - name: (
    nameWithType: (
    fullName: (
  - name: )
    nameWithType: )
    fullName: )
- uid: System.Object.GetType
  commentId: M:System.Object.GetType
  parent: System.Object
  isExternal: true
  name: GetType()
  nameWithType: Object.GetType()
  fullName: System.Object.GetType()
  spec.csharp:
  - uid: System.Object.GetType
    name: GetType
    nameWithType: Object.GetType
    fullName: System.Object.GetType
    isExternal: true
  - name: (
    nameWithType: (
    fullName: (
  - name: )
    nameWithType: )
    fullName: )
  spec.vb:
  - uid: System.Object.GetType
    name: GetType
    nameWithType: Object.GetType
    fullName: System.Object.GetType
    isExternal: true
  - name: (
    nameWithType: (
    fullName: (
  - name: )
    nameWithType: )
    fullName: )
- uid: System.Object.MemberwiseClone
  commentId: M:System.Object.MemberwiseClone
  parent: System.Object
  isExternal: true
  name: MemberwiseClone()
  nameWithType: Object.MemberwiseClone()
  fullName: System.Object.MemberwiseClone()
  spec.csharp:
  - uid: System.Object.MemberwiseClone
    name: MemberwiseClone
    nameWithType: Object.MemberwiseClone
    fullName: System.Object.MemberwiseClone
    isExternal: true
  - name: (
    nameWithType: (
    fullName: (
  - name: )
    nameWithType: )
    fullName: )
  spec.vb:
  - uid: System.Object.MemberwiseClone
    name: MemberwiseClone
    nameWithType: Object.MemberwiseClone
    fullName: System.Object.MemberwiseClone
    isExternal: true
  - name: (
    nameWithType: (
    fullName: (
  - name: )
    nameWithType: )
    fullName: )
- uid: System
  commentId: N:System
  isExternal: false
  name: System
  nameWithType: System
  fullName: System
- uid: Microsoft.Owin.Infrastructure.SystemClock.#ctor*
  commentId: Overload:Microsoft.Owin.Infrastructure.SystemClock.#ctor
  isExternal: true
  name: SystemClock
  nameWithType: SystemClock.SystemClock
  fullName: Microsoft.Owin.Infrastructure.SystemClock.SystemClock
- uid: Microsoft.Owin.Infrastructure.SystemClock.UtcNow*
  commentId: Overload:Microsoft.Owin.Infrastructure.SystemClock.UtcNow
  isExternal: true
  name: UtcNow
  nameWithType: SystemClock.UtcNow
  fullName: Microsoft.Owin.Infrastructure.SystemClock.UtcNow
- uid: Microsoft.Owin.Infrastructure.ISystemClock.UtcNow
  commentId: P:Microsoft.Owin.Infrastructure.ISystemClock.UtcNow
  parent: Microsoft.Owin.Infrastructure.ISystemClock
  isExternal: true
  name: UtcNow
  nameWithType: ISystemClock.UtcNow
  fullName: Microsoft.Owin.Infrastructure.ISystemClock.UtcNow
- uid: System.DateTimeOffset
  commentId: T:System.DateTimeOffset
  parent: System
  isExternal: true
  name: DateTimeOffset
  nameWithType: DateTimeOffset
  fullName: System.DateTimeOffset
