
Microsoft Visual Studio Solution File, Format Version 12.00
# Visual Studio Version 17
VisualStudioVersion = 17.7.34202.233
MinimumVisualStudioVersion = 10.0.40219.1
Project("{FAE04EC0-301F-11D3-BF4B-00C04F79EFBC}") = "DocfxReferences", "DocfxReferences.csproj", "{3ADA1D43-86BC-4B8C-BA01-60332B8235FD}"
EndProject
Global
	GlobalSection(SolutionConfigurationPlatforms) = preSolution
		Debug|Any CPU = Debug|Any CPU
		Release|Any CPU = Release|Any CPU
	EndGlobalSection
	GlobalSection(ProjectConfigurationPlatforms) = postSolution
		{3ADA1D43-86BC-4B8C-BA01-60332B8235FD}.Debug|Any CPU.ActiveCfg = Debug|Any CPU
		{3ADA1D43-86BC-4B8C-BA01-60332B8235FD}.Debug|Any CPU.Build.0 = Debug|Any CPU
		{3ADA1D43-86BC-4B8C-BA01-60332B8235FD}.Release|Any CPU.ActiveCfg = Release|Any CPU
		{3ADA1D43-86BC-4B8C-BA01-60332B8235FD}.Release|Any CPU.Build.0 = Release|Any CPU
	EndGlobalSection
	GlobalSection(SolutionProperties) = preSolution
		HideSolutionNode = FALSE
	EndGlobalSection
	GlobalSection(ExtensibilityGlobals) = postSolution
		SolutionGuid = {A56D1BC2-80FA-43E3-A1B8-72889EE1080A}
	EndGlobalSection
EndGlobal
